Microsoft Visual Studio Solution File, Format Version 12.00
# Visual Studio Version 17
VisualStudioVersion = 17.5.2.0
MinimumVisualStudioVersion = 10.0.40219.1
Project("{FAE04EC0-301F-11D3-BF4B-00C04F79EFBC}") = "Day1Code-StudentApi", "Day1Code-StudentApi.csproj", "{3A6A9076-C98C-A1A8-BC02-38EB7D607DAD}"
EndProject
Global
	GlobalSection(SolutionConfigurationPlatforms) = preSolution
		Debug|Any CPU = Debug|Any CPU
		Release|Any CPU = Release|Any CPU
	EndGlobalSection
	GlobalSection(ProjectConfigurationPlatforms) = postSolution
		{3A6A9076-C98C-A1A8-BC02-38EB7D607DAD}.Debug|Any CPU.ActiveCfg = Debug|Any CPU
		{3A6A9076-C98C-A1A8-BC02-38EB7D607DAD}.Debug|Any CPU.Build.0 = Debug|Any CPU
		{3A6A9076-C98C-A1A8-BC02-38EB7D607DAD}.Release|Any CPU.ActiveCfg = Release|Any CPU
		{3A6A9076-C98C-A1A8-BC02-38EB7D607DAD}.Release|Any CPU.Build.0 = Release|Any CPU
	EndGlobalSection
	GlobalSection(SolutionProperties) = preSolution
		HideSolutionNode = FALSE
	EndGlobalSection
	GlobalSection(ExtensibilityGlobals) = postSolution
		SolutionGuid = {92AD6C2D-C397-43BE-8817-446F501DADF9}
	EndGlobalSection
EndGlobal
