Microsoft Visual Studio Solution File, Format Version 12.00
# Visual Studio Version 17
VisualStudioVersion = 17.5.2.0
MinimumVisualStudioVersion = 10.0.40219.1
Project("{FAE04EC0-301F-11D3-BF4B-00C04F79EFBC}") = "Day1Programs", "Day1Programs.csproj", "{0C1A16E3-C17F-C7EE-CC59-1532536D743D}"
EndProject
Global
	GlobalSection(SolutionConfigurationPlatforms) = preSolution
		Debug|Any CPU = Debug|Any CPU
		Release|Any CPU = Release|Any CPU
	EndGlobalSection
	GlobalSection(ProjectConfigurationPlatforms) = postSolution
		{0C1A16E3-C17F-C7EE-CC59-1532536D743D}.Debug|Any CPU.ActiveCfg = Debug|Any CPU
		{0C1A16E3-C17F-C7EE-CC59-1532536D743D}.Debug|Any CPU.Build.0 = Debug|Any CPU
		{0C1A16E3-C17F-C7EE-CC59-1532536D743D}.Release|Any CPU.ActiveCfg = Release|Any CPU
		{0C1A16E3-C17F-C7EE-CC59-1532536D743D}.Release|Any CPU.Build.0 = Release|Any CPU
	EndGlobalSection
	GlobalSection(SolutionProperties) = preSolution
		HideSolutionNode = FALSE
	EndGlobalSection
	GlobalSection(ExtensibilityGlobals) = postSolution
		SolutionGuid = {17DA9AD6-9260-4E05-A11E-614A17A7B11C}
	EndGlobalSection
EndGlobal
